
Microsoft Visual Studio Solution File, Format Version 12.00
# Visual Studio Version 17
VisualStudioVersion = 17.9.34728.123
MinimumVisualStudioVersion = 10.0.40219.1
Project("{FAE04EC0-301F-11D3-BF4B-00C04F79EFBC}") = "ScheduleChangesItems", "ScheduleChangesItems.csproj", "{43569E44-A494-4298-A277-0AE6A1542496}"
EndProject
Global
	GlobalSection(SolutionConfigurationPlatforms) = preSolution
		Debug|Any CPU = Debug|Any CPU
		Release|Any CPU = Release|Any CPU
	EndGlobalSection
	GlobalSection(ProjectConfigurationPlatforms) = postSolution
		{43569E44-A494-4298-A277-0AE6A1542496}.Debug|Any CPU.ActiveCfg = Debug|Any CPU
		{43569E44-A494-4298-A277-0AE6A1542496}.Debug|Any CPU.Build.0 = Debug|Any CPU
		{43569E44-A494-4298-A277-0AE6A1542496}.Release|Any CPU.ActiveCfg = Release|Any CPU
		{43569E44-A494-4298-A277-0AE6A1542496}.Release|Any CPU.Build.0 = Release|Any CPU
	EndGlobalSection
	GlobalSection(SolutionProperties) = preSolution
		HideSolutionNode = FALSE
	EndGlobalSection
	GlobalSection(ExtensibilityGlobals) = postSolution
		SolutionGuid = {2C592316-9FE2-439C-B4E1-84CA57C4D732}
	EndGlobalSection
EndGlobal
